
Microsoft Visual Studio Solution File, Format Version 12.00
# Visual Studio Version 17
VisualStudioVersion = 17.11.35208.52
MinimumVisualStudioVersion = 10.0.40219.1
Project("{FAE04EC0-301F-11D3-BF4B-00C04F79EFBC}") = "KEISYA HIKMATUZIA", "KEISYA HIKMATUZIA\KEISYA HIKMATUZIA.csproj", "{EEFA74C9-3EA2-4A62-ADD0-16A72BA0BA25}"
EndProject
Global
	GlobalSection(SolutionConfigurationPlatforms) = preSolution
		Debug|Any CPU = Debug|Any CPU
		Release|Any CPU = Release|Any CPU
	EndGlobalSection
	GlobalSection(ProjectConfigurationPlatforms) = postSolution
		{EEFA74C9-3EA2-4A62-ADD0-16A72BA0BA25}.Debug|Any CPU.ActiveCfg = Debug|Any CPU
		{EEFA74C9-3EA2-4A62-ADD0-16A72BA0BA25}.Debug|Any CPU.Build.0 = Debug|Any CPU
		{EEFA74C9-3EA2-4A62-ADD0-16A72BA0BA25}.Release|Any CPU.ActiveCfg = Release|Any CPU
		{EEFA74C9-3EA2-4A62-ADD0-16A72BA0BA25}.Release|Any CPU.Build.0 = Release|Any CPU
	EndGlobalSection
	GlobalSection(SolutionProperties) = preSolution
		HideSolutionNode = FALSE
	EndGlobalSection
	GlobalSection(ExtensibilityGlobals) = postSolution
		SolutionGuid = {3D85298F-9149-4E9C-A2C9-1CBE52BDE8D0}
	EndGlobalSection
EndGlobal
